
Microsoft Visual Studio Solution File, Format Version 12.00
# Visual Studio Version 17
VisualStudioVersion = 17.1.32228.430
MinimumVisualStudioVersion = 10.0.40219.1
Project("{9A19103F-16F7-4668-BE54-9A1E7A4F7556}") = "PowerFlowCore", "PowerFlowCore\PowerFlowCore.csproj", "{465A5877-6F05-49CF-9F75-6AE22AAABAB1}"
EndProject
Project("{9A19103F-16F7-4668-BE54-9A1E7A4F7556}") = "PowerFlowCore.Samples", "PowerFlowCore.Samples\PowerFlowCore.Samples.csproj", "{9D2CF0B4-D828-4B19-9220-9C472EDFC81C}"
EndProject
Project("{9A19103F-16F7-4668-BE54-9A1E7A4F7556}") = "PowerFlowCore.Tests", "PowerFlowCore.Tests\PowerFlowCore.Tests.csproj", "{44C50EE4-AC2F-4DCD-B835-6B9274D1AFE6}"
EndProject
Global
	GlobalSection(SolutionConfigurationPlatforms) = preSolution
		Debug|Any CPU = Debug|Any CPU
		Release|Any CPU = Release|Any CPU
	EndGlobalSection
	GlobalSection(ProjectConfigurationPlatforms) = postSolution
		{465A5877-6F05-49CF-9F75-6AE22AAABAB1}.Debug|Any CPU.ActiveCfg = Debug|Any CPU
		{465A5877-6F05-49CF-9F75-6AE22AAABAB1}.Debug|Any CPU.Build.0 = Debug|Any CPU
		{465A5877-6F05-49CF-9F75-6AE22AAABAB1}.Release|Any CPU.ActiveCfg = Release|Any CPU
		{465A5877-6F05-49CF-9F75-6AE22AAABAB1}.Release|Any CPU.Build.0 = Release|Any CPU
		{9D2CF0B4-D828-4B19-9220-9C472EDFC81C}.Debug|Any CPU.ActiveCfg = Debug|Any CPU
		{9D2CF0B4-D828-4B19-9220-9C472EDFC81C}.Debug|Any CPU.Build.0 = Debug|Any CPU
		{9D2CF0B4-D828-4B19-9220-9C472EDFC81C}.Release|Any CPU.ActiveCfg = Release|Any CPU
		{9D2CF0B4-D828-4B19-9220-9C472EDFC81C}.Release|Any CPU.Build.0 = Release|Any CPU
		{44C50EE4-AC2F-4DCD-B835-6B9274D1AFE6}.Debug|Any CPU.ActiveCfg = Debug|Any CPU
		{44C50EE4-AC2F-4DCD-B835-6B9274D1AFE6}.Debug|Any CPU.Build.0 = Debug|Any CPU
		{44C50EE4-AC2F-4DCD-B835-6B9274D1AFE6}.Release|Any CPU.ActiveCfg = Release|Any CPU
		{44C50EE4-AC2F-4DCD-B835-6B9274D1AFE6}.Release|Any CPU.Build.0 = Release|Any CPU
	EndGlobalSection
	GlobalSection(SolutionProperties) = preSolution
		HideSolutionNode = FALSE
	EndGlobalSection
	GlobalSection(ExtensibilityGlobals) = postSolution
		SolutionGuid = {43B962BE-C82D-4367-8CA4-8F26A4049E59}
	EndGlobalSection
EndGlobal
